lockfileVersion: '6.0'

settings:
  autoInstallPeers: true
  excludeLinksFromLockfile: false

devDependencies:
  type-fest:
    specifier: ^4.6.0
    version: 4.6.0

packages:

  /type-fest@4.6.0:
    resolution: {integrity: sha512-rLjWJzQFOq4xw7MgJrCZ6T1jIOvvYElXT12r+y0CC6u67hegDHaxcPqb2fZHOGlqxugGQPNB1EnTezjBetkwkw==}
    engines: {node: '>=16'}
    dev: true
